{
  "name": "gustavo-e-lara-wedding",
  "version": "1.0.0",
  "lockfileVersion": 3,
  "requires": true,
  "packages": {
    "": {
      "name": "gustavo-e-lara-wedding",
      "version": "1.0.0",
      "dependencies": {
        "@vercel/kv": "^1.0.1",
        "redis": "^5.12.1"
      }
    },
    "node_modules/@redis/bloom": {
      "version": "5.12.1",
      "resolved": "https://registry.npmjs.org/@redis/bloom/-/bloom-5.12.1.tgz",
      "integrity": "sha512-PUUfv+ms7jgPSBVoo/DN4AkPHj4D5TZSd6SbJX7egzBplkYUcKmHRE8RKia7UtZ8bSQbLguLvxVO+asKtQfZWA==",
      "license": "MIT",
      "engines": {
        "node": ">= 18.19.0"
      },
      "peerDependencies": {
        "@redis/client": "^5.12.1"
      }
    },
    "node_modules/@redis/client": {
      "version": "5.12.1",
      "resolved": "https://registry.npmjs.org/@redis/client/-/client-5.12.1.tgz",
      "integrity": "sha512-7aPGWeqA3uFm43o19umzdl16CEjK/JQGtSXVPevplTaOU3VJA/rseBC1QvYUz9lLDIMBimc4SW/zrW4S89BaCA==",
      "license": "MIT",
      "peer": true,
      "dependencies": {
        "cluster-key-slot": "1.1.2"
      },
      "engines": {
        "node": ">= 18.19.0"
      },
      "peerDependencies": {
        "@node-rs/xxhash": "^1.1.0",
        "@opentelemetry/api": ">=1 <2"
      },
      "peerDependenciesMeta": {
        "@node-rs/xxhash": {
          "optional": true
        },
        "@opentelemetry/api": {
          "optional": true
        }
      }
    },
    "node_modules/@redis/json": {
      "version": "5.12.1",
      "resolved": "https://registry.npmjs.org/@redis/json/-/json-5.12.1.tgz",
      "integrity": "sha512-eOze75esLve4vfqDel7aMX08CNaiLLQS2fV8mpRN9NxPe1rVR4vQyYiW/OgtGUysF6QOr9ANhfxABKNOJfXdKg==",
      "license": "MIT",
      "engines": {
        "node": ">= 18.19.0"
      },
      "peerDependencies": {
        "@redis/client": "^5.12.1"
      }
    },
    "node_modules/@redis/search": {
      "version": "5.12.1",
      "resolved": "https://registry.npmjs.org/@redis/search/-/search-5.12.1.tgz",
      "integrity": "sha512-ItlxbxC9cKI6IU1TLWoczwJCRb6TdmkEpWv05UrPawqaAnWGRu3rcIqsc5vN483T2fSociuyV1UkWIL5I4//2w==",
      "license": "MIT",
      "engines": {
        "node": ">= 18.19.0"
      },
      "peerDependencies": {
        "@redis/client": "^5.12.1"
      }
    },
    "node_modules/@redis/time-series": {
      "version": "5.12.1",
      "resolved": "https://registry.npmjs.org/@redis/time-series/-/time-series-5.12.1.tgz",
      "integrity": "sha512-c6JL6E3EcZJuNqKFz+KM+l9l5mpcQiKvTwgA3blt5glWJ8hjDk0yeHN3beE/MpqYIQ8UEX44ItQzgkE/gCBELQ==",
      "license": "MIT",
      "engines": {
        "node": ">= 18.19.0"
      },
      "peerDependencies": {
        "@redis/client": "^5.12.1"
      }
    },
    "node_modules/@upstash/redis": {
      "version": "1.25.1",
      "resolved": "https://registry.npmjs.org/@upstash/redis/-/redis-1.25.1.tgz",
      "integrity": "sha512-ACj0GhJ4qrQyBshwFgPod6XufVEfKX2wcaihsEvSdLYnY+m+pa13kGt1RXm/yTHKf4TQi/Dy2A8z/y6WUEOmlg==",
      "license": "MIT",
      "dependencies": {
        "crypto-js": "^4.2.0"
      }
    },
    "node_modules/@vercel/kv": {
      "version": "1.0.1",
      "resolved": "https://registry.npmjs.org/@vercel/kv/-/kv-1.0.1.tgz",
      "integrity": "sha512-uTKddsqVYS2GRAM/QMNNXCTuw9N742mLoGRXoNDcyECaxEXvIHG0dEY+ZnYISV4Vz534VwJO+64fd9XeSggSKw==",
      "deprecated": "Vercel KV is deprecated. If you had an existing KV store, it should have moved to Upstash Redis which you will see under Vercel Integrations. For new projects, install a Redis integration from Vercel Marketplace: https://vercel.com/marketplace?category=storage&search=redis",
      "license": "Apache-2.0",
      "dependencies": {
        "@upstash/redis": "1.25.1"
      },
      "engines": {
        "node": ">=14.6"
      }
    },
    "node_modules/cluster-key-slot": {
      "version": "1.1.2",
      "resolved": "https://registry.npmjs.org/cluster-key-slot/-/cluster-key-slot-1.1.2.tgz",
      "integrity": "sha512-RMr0FhtfXemyinomL4hrWcYJxmX6deFdCxpJzhDttxgO1+bcCnkk+9drydLVDmAMG7NE6aN/fl4F7ucU/90gAA==",
      "license": "Apache-2.0",
      "engines": {
        "node": ">=0.10.0"
      }
    },
    "node_modules/crypto-js": {
      "version": "4.2.0",
      "resolved": "https://registry.npmjs.org/crypto-js/-/crypto-js-4.2.0.tgz",
      "integrity": "sha512-KALDyEYgpY+Rlob/iriUtjV6d5Eq+Y191A5g4UqLAi8CyGP9N1+FdVbkc1SxKc2r4YAYqG8JzO2KGL+AizD70Q==",
      "license": "MIT"
    },
    "node_modules/redis": {
      "version": "5.12.1",
      "resolved": "https://registry.npmjs.org/redis/-/redis-5.12.1.tgz",
      "integrity": "sha512-LDsoVvb/CpoV9EN3FXvgvSHNJWuCIzl9MiO3ppOevuGLpSGJhwfQjpEwfFJcQvNSddHADDdZaWx0HnmMxRXG7g==",
      "license": "MIT",
      "dependencies": {
        "@redis/bloom": "5.12.1",
        "@redis/client": "5.12.1",
        "@redis/json": "5.12.1",
        "@redis/search": "5.12.1",
        "@redis/time-series": "5.12.1"
      },
      "engines": {
        "node": ">= 18.19.0"
      }
    }
  }
}
